
Microsoft Visual Studio Solution File, Format Version 12.00
# Visual Studio Version 16
VisualStudioVersion = 16.0.30517.126
MinimumVisualStudioVersion = 10.0.40219.1
Project("{FAE04EC0-301F-11D3-BF4B-00C04F79EFBC}") = "NegociAcao", "NegociAcao.csproj", "{4FBD5BE5-9ED0-4E2A-8387-90146F4E5B84}"
EndProject
Global
	GlobalSection(SolutionConfigurationPlatforms) = preSolution
		Debug|Any CPU = Debug|Any CPU
		Release|Any CPU = Release|Any CPU
	EndGlobalSection
	GlobalSection(ProjectConfigurationPlatforms) = postSolution
		{4FBD5BE5-9ED0-4E2A-8387-90146F4E5B84}.Debug|Any CPU.ActiveCfg = Debug|Any CPU
		{4FBD5BE5-9ED0-4E2A-8387-90146F4E5B84}.Debug|Any CPU.Build.0 = Debug|Any CPU
		{4FBD5BE5-9ED0-4E2A-8387-90146F4E5B84}.Release|Any CPU.ActiveCfg = Release|Any CPU
		{4FBD5BE5-9ED0-4E2A-8387-90146F4E5B84}.Release|Any CPU.Build.0 = Release|Any CPU
	EndGlobalSection
	GlobalSection(SolutionProperties) = preSolution
		HideSolutionNode = FALSE
	EndGlobalSection
	GlobalSection(ExtensibilityGlobals) = postSolution
		SolutionGuid = {401A7A62-2245-4327-A5B4-901A9D0F88AD}
	EndGlobalSection
EndGlobal
